
Microsoft Visual Studio Solution File, Format Version 12.00
# Visual Studio Version 17
VisualStudioVersion = 17.8.34408.163
MinimumVisualStudioVersion = 10.0.40219.1
Project("{8BC9CEB8-8B4A-11D0-8D11-00A0C91BC942}") = "487A1", "487A1.vcxproj", "{08CB0507-11DA-4C12-8CC3-42924F6C2D91}"
EndProject
Global
	GlobalSection(SolutionConfigurationPlatforms) = preSolution
		Debug|x64 = Debug|x64
		Debug|x86 = Debug|x86
		Redirect|x64 = Redirect|x64
		Redirect|x86 = Redirect|x86
		Release|x64 = Release|x64
		Release|x86 = Release|x86
	EndGlobalSection
	GlobalSection(ProjectConfigurationPlatforms) = postSolution
		{08CB0507-11DA-4C12-8CC3-42924F6C2D91}.Debug|x64.ActiveCfg = Debug|x64
		{08CB0507-11DA-4C12-8CC3-42924F6C2D91}.Debug|x64.Build.0 = Debug|x64
		{08CB0507-11DA-4C12-8CC3-42924F6C2D91}.Debug|x86.ActiveCfg = Debug|Win32
		{08CB0507-11DA-4C12-8CC3-42924F6C2D91}.Debug|x86.Build.0 = Debug|Win32
		{08CB0507-11DA-4C12-8CC3-42924F6C2D91}.Redirect|x64.ActiveCfg = Redirect|x64
		{08CB0507-11DA-4C12-8CC3-42924F6C2D91}.Redirect|x64.Build.0 = Redirect|x64
		{08CB0507-11DA-4C12-8CC3-42924F6C2D91}.Redirect|x86.ActiveCfg = Redirect|Win32
		{08CB0507-11DA-4C12-8CC3-42924F6C2D91}.Redirect|x86.Build.0 = Redirect|Win32
		{08CB0507-11DA-4C12-8CC3-42924F6C2D91}.Release|x64.ActiveCfg = Release|x64
		{08CB0507-11DA-4C12-8CC3-42924F6C2D91}.Release|x64.Build.0 = Release|x64
		{08CB0507-11DA-4C12-8CC3-42924F6C2D91}.Release|x86.ActiveCfg = Release|Win32
		{08CB0507-11DA-4C12-8CC3-42924F6C2D91}.Release|x86.Build.0 = Release|Win32
	EndGlobalSection
	GlobalSection(SolutionProperties) = preSolution
		HideSolutionNode = FALSE
	EndGlobalSection
	GlobalSection(ExtensibilityGlobals) = postSolution
		SolutionGuid = {E601C589-86B7-48E9-AA53-E9313EFE8FD4}
	EndGlobalSection
EndGlobal
